// !$*UTF8*$!
{
	archiveVersion = 1;
	classes = {
	};
	objectVersion = 50;
	objects = {

/* Begin PBXBuildFile section */
		332F3AFB234E9EBD001B1366 /* PeopleViewController.swift in Sources */ = {isa = PBXBuildFile; fileRef = 332F3AFA234E9EBD001B1366 /* PeopleViewController.swift */; };
		332F3AFD234E9EF3001B1366 /* ListPeopleViewController.swift in Sources */ = {isa = PBXBuildFile; fileRef = 332F3AFC234E9EF3001B1366 /* ListPeopleViewController.swift */; };
		332F3B01234E9F16001B1366 /* DetailPeopleViewController.swift in Sources */ = {isa = PBXBuildFile; fileRef = 332F3B00234E9F16001B1366 /* DetailPeopleViewController.swift */; };
		332F3B03234E9F3A001B1366 /* People.storyboard in Resources */ = {isa = PBXBuildFile; fileRef = 332F3B02234E9F3A001B1366 /* People.storyboard */; };
		332F3B05234EA6A6001B1366 /* People.swift in Sources */ = {isa = PBXBuildFile; fileRef = 332F3B04234EA6A6001B1366 /* People.swift */; };
		332F3B07234EABFD001B1366 /* PeopleTableCell.swift in Sources */ = {isa = PBXBuildFile; fileRef = 332F3B06234EABFD001B1366 /* PeopleTableCell.swift */; };
		33422C7B23500EFD008F43A4 /* DetailMoviePeopleViewController.swift in Sources */ = {isa = PBXBuildFile; fileRef = 33422C7A23500EFD008F43A4 /* DetailMoviePeopleViewController.swift */; };
		33422C7D23501E66008F43A4 /* GridMovieCollectionCell.swift in Sources */ = {isa = PBXBuildFile; fileRef = 33422C7C23501E66008F43A4 /* GridMovieCollectionCell.swift */; };
		33422C892350FFB9008F43A4 /* WishlistViewController.swift in Sources */ = {isa = PBXBuildFile; fileRef = 33422C882350FFB9008F43A4 /* WishlistViewController.swift */; };
		33422C8B2350FFC6008F43A4 /* FavoriteViewController.swift in Sources */ = {isa = PBXBuildFile; fileRef = 33422C8A2350FFC6008F43A4 /* FavoriteViewController.swift */; };
		33422C8F23510143008F43A4 /* FavoriteTableCell.swift in Sources */ = {isa = PBXBuildFile; fileRef = 33422C8E23510143008F43A4 /* FavoriteTableCell.swift */; };
		33422C93235108C2008F43A4 /* CoreManager.swift in Sources */ = {isa = PBXBuildFile; fileRef = 33422C92235108C2008F43A4 /* CoreManager.swift */; };
		3366E5EE234940C900F72869 /* AppDelegate.swift in Sources */ = {isa = PBXBuildFile; fileRef = 3366E5ED234940C900F72869 /* AppDelegate.swift */; };
		3366E5F0234940C900F72869 /* MovieViewController.swift in Sources */ = {isa = PBXBuildFile; fileRef = 3366E5EF234940C900F72869 /* MovieViewController.swift */; };
		3366E5F3234940C900F72869 /* Main.storyboard in Resources */ = {isa = PBXBuildFile; fileRef = 3366E5F1234940C900F72869 /* Main.storyboard */; };
		3366E5F6234940C900F72869 /* My_Movie.xcdatamodeld in Sources */ = {isa = PBXBuildFile; fileRef = 3366E5F4234940C900F72869 /* My_Movie.xcdatamodeld */; };
		3366E5F8234940CA00F72869 /* Assets.xcassets in Resources */ = {isa = PBXBuildFile; fileRef = 3366E5F7234940CA00F72869 /* Assets.xcassets */; };
		3366E5FB234940CA00F72869 /* LaunchScreen.storyboard in Resources */ = {isa = PBXBuildFile; fileRef = 3366E5F9234940CA00F72869 /* LaunchScreen.storyboard */; };
		3366E606234940CA00F72869 /* My_MovieTests.swift in Sources */ = {isa = PBXBuildFile; fileRef = 3366E605234940CA00F72869 /* My_MovieTests.swift */; };
		3390CEC22349518500035F3E /* MovieAPI.swift in Sources */ = {isa = PBXBuildFile; fileRef = 3390CEC12349518500035F3E /* MovieAPI.swift */; };
		3390CEC423495E4500035F3E /* Movie.swift in Sources */ = {isa = PBXBuildFile; fileRef = 3390CEC323495E4500035F3E /* Movie.swift */; };
		3390CEC8234A72B400035F3E /* MovieService.swift in Sources */ = {isa = PBXBuildFile; fileRef = 3390CEC7234A72B400035F3E /* MovieService.swift */; };
		3390CECA234AAA7600035F3E /* ViewModel.swift in Sources */ = {isa = PBXBuildFile; fileRef = 3390CEC9234AAA7600035F3E /* ViewModel.swift */; };
		33C7909B234DB6EA0009359B /* DetailMovieViewController.swift in Sources */ = {isa = PBXBuildFile; fileRef = 33C7909A234DB6EA0009359B /* DetailMovieViewController.swift */; };
		33C7909D234DB7B10009359B /* ViewController+Extension.swift in Sources */ = {isa = PBXBuildFile; fileRef = 33C7909C234DB7B10009359B /* ViewController+Extension.swift */; };
		33FE229F234D9D8800B76E45 /* ListMovieTableCell.swift in Sources */ = {isa = PBXBuildFile; fileRef = 33FE229D234D9D8800B76E45 /* ListMovieTableCell.swift */; };
		33FE22A0234D9D8800B76E45 /* ListMovieTableCell.xib in Resources */ = {isa = PBXBuildFile; fileRef = 33FE229E234D9D8800B76E45 /* ListMovieTableCell.xib */; };
		33FE22A4234DA03A00B76E45 /* ListSearchViewController.swift in Sources */ = {isa = PBXBuildFile; fileRef = 33FE22A3234DA03A00B76E45 /* ListSearchViewController.swift */; };
		33FE22A6234DA04900B76E45 /* GridSearchViewController.swift in Sources */ = {isa = PBXBuildFile; fileRef = 33FE22A5234DA04900B76E45 /* GridSearchViewController.swift */; };
		33FE22A8234DA0AA00B76E45 /* Notification+Name.swift in Sources */ = {isa = PBXBuildFile; fileRef = 33FE22A7234DA0AA00B76E45 /* Notification+Name.swift */; };
		33FE22AA234DA7D800B76E45 /* CacheManager.swift in Sources */ = {isa = PBXBuildFile; fileRef = 33FE22A9234DA7D800B76E45 /* CacheManager.swift */; };
/* End PBXBuildFile section */

/* Begin PBXContainerItemProxy section */
		3366E602234940CA00F72869 /* PBXContainerItemProxy */ = {
			isa = PBXContainerItemProxy;
			containerPortal = 3366E5E2234940C900F72869 /* Project object */;
			proxyType = 1;
			remoteGlobalIDString = 3366E5E9234940C900F72869;
			remoteInfo = My_Movie;
		};
/* End PBXContainerItemProxy section */

/* Begin PBXFileReference section */
		332F3AFA234E9EBD001B1366 /* PeopleViewController.swift */ = {isa = PBXFileReference; lastKnownFileType = sourcecode.swift; path = PeopleViewController.swift; sourceTree = "<group>"; };
		332F3AFC234E9EF3001B1366 /* ListPeopleViewController.swift */ = {isa = PBXFileReference; lastKnownFileType = sourcecode.swift; path = ListPeopleViewController.swift; sourceTree = "<group>"; };
		332F3B00234E9F16001B1366 /* DetailPeopleViewController.swift */ = {isa = PBXFileReference; lastKnownFileType = sourcecode.swift; path = DetailPeopleViewController.swift; sourceTree = "<group>"; };
		332F3B02234E9F3A001B1366 /* People.storyboard */ = {isa = PBXFileReference; lastKnownFileType = file.storyboard; path = People.storyboard; sourceTree = "<group>"; };
		332F3B04234EA6A6001B1366 /* People.swift */ = {isa = PBXFileReference; lastKnownFileType = sourcecode.swift; path = People.swift; sourceTree = "<group>"; };
		332F3B06234EABFD001B1366 /* PeopleTableCell.swift */ = {isa = PBXFileReference; lastKnownFileType = sourcecode.swift; path = PeopleTableCell.swift; sourceTree = "<group>"; };
		33422C7A23500EFD008F43A4 /* DetailMoviePeopleViewController.swift */ = {isa = PBXFileReference; lastKnownFileType = sourcecode.swift; path = DetailMoviePeopleViewController.swift; sourceTree = "<group>"; };
		33422C7C23501E66008F43A4 /* GridMovieCollectionCell.swift */ = {isa = PBXFileReference; lastKnownFileType = sourcecode.swift; path = GridMovieCollectionCell.swift; sourceTree = "<group>"; };
		33422C882350FFB9008F43A4 /* WishlistViewController.swift */ = {isa = PBXFileReference; lastKnownFileType = sourcecode.swift; path = WishlistViewController.swift; sourceTree = "<group>"; };
		33422C8A2350FFC6008F43A4 /* FavoriteViewController.swift */ = {isa = PBXFileReference; lastKnownFileType = sourcecode.swift; path = FavoriteViewController.swift; sourceTree = "<group>"; };
		33422C8E23510143008F43A4 /* FavoriteTableCell.swift */ = {isa = PBXFileReference; lastKnownFileType = sourcecode.swift; path = FavoriteTableCell.swift; sourceTree = "<group>"; };
		33422C92235108C2008F43A4 /* CoreManager.swift */ = {isa = PBXFileReference; lastKnownFileType = sourcecode.swift; path = CoreManager.swift; sourceTree = "<group>"; };
		3366E5EA234940C900F72869 /* My_Movie.app */ = {isa = PBXFileReference; explicitFileType = wrapper.application; includeInIndex = 0; path = My_Movie.app; sourceTree = BUILT_PRODUCTS_DIR; };
		3366E5ED234940C900F72869 /* AppDelegate.swift */ = {isa = PBXFileReference; lastKnownFileType = sourcecode.swift; path = AppDelegate.swift; sourceTree = "<group>"; };
		3366E5EF234940C900F72869 /* MovieViewController.swift */ = {isa = PBXFileReference; lastKnownFileType = sourcecode.swift; path = MovieViewController.swift; sourceTree = "<group>"; };
		3366E5F2234940C900F72869 /* Base */ = {isa = PBXFileReference; lastKnownFileType = file.storyboard; name = Base; path = Base.lproj/Main.storyboard; sourceTree = "<group>"; };
		3366E5F5234940C900F72869 /* My_Movie.xcdatamodel */ = {isa = PBXFileReference; lastKnownFileType = wrapper.xcdatamodel; path = My_Movie.xcdatamodel; sourceTree = "<group>"; };
		3366E5F7234940CA00F72869 /* Assets.xcassets */ = {isa = PBXFileReference; lastKnownFileType = folder.assetcatalog; path = Assets.xcassets; sourceTree = "<group>"; };
		3366E5FA234940CA00F72869 /* Base */ = {isa = PBXFileReference; lastKnownFileType = file.storyboard; name = Base; path = Base.lproj/LaunchScreen.storyboard; sourceTree = "<group>"; };
		3366E5FC234940CA00F72869 /* Info.plist */ = {isa = PBXFileReference; lastKnownFileType = text.plist.xml; path = Info.plist; sourceTree = "<group>"; };
		3366E601234940CA00F72869 /* My_MovieTests.xctest */ = {isa = PBXFileReference; explicitFileType = wrapper.cfbundle; includeInIndex = 0; path = My_MovieTests.xctest; sourceTree = BUILT_PRODUCTS_DIR; };
		3366E605234940CA00F72869 /* My_MovieTests.swift */ = {isa = PBXFileReference; lastKnownFileType = sourcecode.swift; path = My_MovieTests.swift; sourceTree = "<group>"; };
		3366E607234940CA00F72869 /* Info.plist */ = {isa = PBXFileReference; lastKnownFileType = text.plist.xml; path = Info.plist; sourceTree = "<group>"; };
		3390CEC12349518500035F3E /* MovieAPI.swift */ = {isa = PBXFileReference; lastKnownFileType = sourcecode.swift; path = MovieAPI.swift; sourceTree = "<group>"; };
		3390CEC323495E4500035F3E /* Movie.swift */ = {isa = PBXFileReference; lastKnownFileType = sourcecode.swift; path = Movie.swift; sourceTree = "<group>"; };
		3390CEC7234A72B400035F3E /* MovieService.swift */ = {isa = PBXFileReference; lastKnownFileType = sourcecode.swift; path = MovieService.swift; sourceTree = "<group>"; };
		3390CEC9234AAA7600035F3E /* ViewModel.swift */ = {isa = PBXFileReference; lastKnownFileType = sourcecode.swift; path = ViewModel.swift; sourceTree = "<group>"; };
		33C7909A234DB6EA0009359B /* DetailMovieViewController.swift */ = {isa = PBXFileReference; lastKnownFileType = sourcecode.swift; path = DetailMovieViewController.swift; sourceTree = "<group>"; };
		33C7909C234DB7B10009359B /* ViewController+Extension.swift */ = {isa = PBXFileReference; lastKnownFileType = sourcecode.swift; path = "ViewController+Extension.swift"; sourceTree = "<group>"; };
		33FE229D234D9D8800B76E45 /* ListMovieTableCell.swift */ = {isa = PBXFileReference; lastKnownFileType = sourcecode.swift; path = ListMovieTableCell.swift; sourceTree = "<group>"; };
		33FE229E234D9D8800B76E45 /* ListMovieTableCell.xib */ = {isa = PBXFileReference; lastKnownFileType = file.xib; path = ListMovieTableCell.xib; sourceTree = "<group>"; };
		33FE22A3234DA03A00B76E45 /* ListSearchViewController.swift */ = {isa = PBXFileReference; lastKnownFileType = sourcecode.swift; path = ListSearchViewController.swift; sourceTree = "<group>"; };
		33FE22A5234DA04900B76E45 /* GridSearchViewController.swift */ = {isa = PBXFileReference; lastKnownFileType = sourcecode.swift; path = GridSearchViewController.swift; sourceTree = "<group>"; };
		33FE22A7234DA0AA00B76E45 /* Notification+Name.swift */ = {isa = PBXFileReference; lastKnownFileType = sourcecode.swift; path = "Notification+Name.swift"; sourceTree = "<group>"; };
		33FE22A9234DA7D800B76E45 /* CacheManager.swift */ = {isa = PBXFileReference; lastKnownFileType = sourcecode.swift; path = CacheManager.swift; sourceTree = "<group>"; };
/* End PBXFileReference section */

/* Begin PBXFrameworksBuildPhase section */
		3366E5E7234940C900F72869 /* Frameworks */ = {
			isa = PBXFrameworksBuildPhase;
			buildActionMask = 2147483647;
			files = (
			);
			runOnlyForDeploymentPostprocessing = 0;
		};
		3366E5FE234940CA00F72869 /* Frameworks */ = {
			isa = PBXFrameworksBuildPhase;
			buildActionMask = 2147483647;
			files = (
			);
			runOnlyForDeploymentPostprocessing = 0;
		};
/* End PBXFrameworksBuildPhase section */

/* Begin PBXGroup section */
		3366E5E1234940C900F72869 = {
			isa = PBXGroup;
			children = (
				3366E5EC234940C900F72869 /* My_Movie */,
				3366E604234940CA00F72869 /* My_MovieTests */,
				3366E5EB234940C900F72869 /* Products */,
			);
			sourceTree = "<group>";
		};
		3366E5EB234940C900F72869 /* Products */ = {
			isa = PBXGroup;
			children = (
				3366E5EA234940C900F72869 /* My_Movie.app */,
				3366E601234940CA00F72869 /* My_MovieTests.xctest */,
			);
			name = Products;
			sourceTree = "<group>";
		};
		3366E5EC234940C900F72869 /* My_Movie */ = {
			isa = PBXGroup;
			children = (
				3366E6162349428600F72869 /* Model */,
				3366E6152349428100F72869 /* View */,
				3366E6142349427800F72869 /* ViewModel */,
				3366E6132349426F00F72869 /* Storyboard */,
				3366E6122349426300F72869 /* ViewController */,
				3366E6112349425C00F72869 /* Service */,
				3366E6102349425200F72869 /* Extension */,
				3366E5ED234940C900F72869 /* AppDelegate.swift */,
				3366E5FC234940CA00F72869 /* Info.plist */,
			);
			path = My_Movie;
			sourceTree = "<group>";
		};
		3366E604234940CA00F72869 /* My_MovieTests */ = {
			isa = PBXGroup;
			children = (
				3366E605234940CA00F72869 /* My_MovieTests.swift */,
				3366E607234940CA00F72869 /* Info.plist */,
			);
			path = My_MovieTests;
			sourceTree = "<group>";
		};
		3366E6102349425200F72869 /* Extension */ = {
			isa = PBXGroup;
			children = (
				33FE22A7234DA0AA00B76E45 /* Notification+Name.swift */,
				33C7909C234DB7B10009359B /* ViewController+Extension.swift */,
			);
			path = Extension;
			sourceTree = "<group>";
		};
		3366E6112349425C00F72869 /* Service */ = {
			isa = PBXGroup;
			children = (
				3390CEC12349518500035F3E /* MovieAPI.swift */,
				3390CEC7234A72B400035F3E /* MovieService.swift */,
				33FE22A9234DA7D800B76E45 /* CacheManager.swift */,
				33422C92235108C2008F43A4 /* CoreManager.swift */,
			);
			path = Service;
			sourceTree = "<group>";
		};
		3366E6122349426300F72869 /* ViewController */ = {
			isa = PBXGroup;
			children = (
				3366E5EF234940C900F72869 /* MovieViewController.swift */,
				33FE22A3234DA03A00B76E45 /* ListSearchViewController.swift */,
				33FE22A5234DA04900B76E45 /* GridSearchViewController.swift */,
				33C7909A234DB6EA0009359B /* DetailMovieViewController.swift */,
				332F3AFA234E9EBD001B1366 /* PeopleViewController.swift */,
				332F3AFC234E9EF3001B1366 /* ListPeopleViewController.swift */,
				332F3B00234E9F16001B1366 /* DetailPeopleViewController.swift */,
				33422C7A23500EFD008F43A4 /* DetailMoviePeopleViewController.swift */,
				33422C882350FFB9008F43A4 /* WishlistViewController.swift */,
				33422C8A2350FFC6008F43A4 /* FavoriteViewController.swift */,
			);
			path = ViewController;
			sourceTree = "<group>";
		};
		3366E6132349426F00F72869 /* Storyboard */ = {
			isa = PBXGroup;
			children = (
				3366E5F1234940C900F72869 /* Main.storyboard */,
				332F3B02234E9F3A001B1366 /* People.storyboard */,
				3366E5F9234940CA00F72869 /* LaunchScreen.storyboard */,
			);
			path = Storyboard;
			sourceTree = "<group>";
		};
		3366E6142349427800F72869 /* ViewModel */ = {
			isa = PBXGroup;
			children = (
				3390CEC9234AAA7600035F3E /* ViewModel.swift */,
			);
			path = ViewModel;
			sourceTree = "<group>";
		};
		3366E6152349428100F72869 /* View */ = {
			isa = PBXGroup;
			children = (
				33FE229D234D9D8800B76E45 /* ListMovieTableCell.swift */,
				33FE229E234D9D8800B76E45 /* ListMovieTableCell.xib */,
				332F3B06234EABFD001B1366 /* PeopleTableCell.swift */,
				33422C7C23501E66008F43A4 /* GridMovieCollectionCell.swift */,
				33422C8E23510143008F43A4 /* FavoriteTableCell.swift */,
				3366E5F7234940CA00F72869 /* Assets.xcassets */,
			);
			path = View;
			sourceTree = "<group>";
		};
		3366E6162349428600F72869 /* Model */ = {
			isa = PBXGroup;
			children = (
				3366E5F4234940C900F72869 /* My_Movie.xcdatamodeld */,
				3390CEC323495E4500035F3E /* Movie.swift */,
				332F3B04234EA6A6001B1366 /* People.swift */,
			);
			path = Model;
			sourceTree = "<group>";
		};
/* End PBXGroup section */

/* Begin PBXNativeTarget section */
		3366E5E9234940C900F72869 /* My_Movie */ = {
			isa = PBXNativeTarget;
			buildConfigurationList = 3366E60A234940CA00F72869 /* Build configuration list for PBXNativeTarget "My_Movie" */;
			buildPhases = (
				3366E5E6234940C900F72869 /* Sources */,
				3366E5E7234940C900F72869 /* Frameworks */,
				3366E5E8234940C900F72869 /* Resources */,
			);
			buildRules = (
			);
			dependencies = (
			);
			name = My_Movie;
			productName = My_Movie;
			productReference = 3366E5EA234940C900F72869 /* My_Movie.app */;
			productType = "com.apple.product-type.application";
		};
		3366E600234940CA00F72869 /* My_MovieTests */ = {
			isa = PBXNativeTarget;
			buildConfigurationList = 3366E60D234940CA00F72869 /* Build configuration list for PBXNativeTarget "My_MovieTests" */;
			buildPhases = (
				3366E5FD234940CA00F72869 /* Sources */,
				3366E5FE234940CA00F72869 /* Frameworks */,
				3366E5FF234940CA00F72869 /* Resources */,
			);
			buildRules = (
			);
			dependencies = (
				3366E603234940CA00F72869 /* PBXTargetDependency */,
			);
			name = My_MovieTests;
			productName = My_MovieTests;
			productReference = 3366E601234940CA00F72869 /* My_MovieTests.xctest */;
			productType = "com.apple.product-type.bundle.unit-test";
		};
/* End PBXNativeTarget section */

/* Begin PBXProject section */
		3366E5E2234940C900F72869 /* Project object */ = {
			isa = PBXProject;
			attributes = {
				LastSwiftUpdateCheck = 1030;
				LastUpgradeCheck = 1030;
				ORGANIZATIONNAME = Sky;
				TargetAttributes = {
					3366E5E9234940C900F72869 = {
						CreatedOnToolsVersion = 10.3;
					};
					3366E600234940CA00F72869 = {
						CreatedOnToolsVersion = 10.3;
						TestTargetID = 3366E5E9234940C900F72869;
					};
				};
			};
			buildConfigurationList = 3366E5E5234940C900F72869 /* Build configuration list for PBXProject "My_Movie" */;
			compatibilityVersion = "Xcode 9.3";
			developmentRegion = en;
			hasScannedForEncodings = 0;
			knownRegions = (
				en,
				Base,
			);
			mainGroup = 3366E5E1234940C900F72869;
			productRefGroup = 3366E5EB234940C900F72869 /* Products */;
			projectDirPath = "";
			projectRoot = "";
			targets = (
				3366E5E9234940C900F72869 /* My_Movie */,
				3366E600234940CA00F72869 /* My_MovieTests */,
			);
		};
/* End PBXProject section */

/* Begin PBXResourcesBuildPhase section */
		3366E5E8234940C900F72869 /* Resources */ = {
			isa = PBXResourcesBuildPhase;
			buildActionMask = 2147483647;
			files = (
				3366E5FB234940CA00F72869 /* LaunchScreen.storyboard in Resources */,
				3366E5F8234940CA00F72869 /* Assets.xcassets in Resources */,
				332F3B03234E9F3A001B1366 /* People.storyboard in Resources */,
				3366E5F3234940C900F72869 /* Main.storyboard in Resources */,
				33FE22A0234D9D8800B76E45 /* ListMovieTableCell.xib in Resources */,
			);
			runOnlyForDeploymentPostprocessing = 0;
		};
		3366E5FF234940CA00F72869 /* Resources */ = {
			isa = PBXResourcesBuildPhase;
			buildActionMask = 2147483647;
			files = (
			);
			runOnlyForDeploymentPostprocessing = 0;
		};
/* End PBXResourcesBuildPhase section */

/* Begin PBXSourcesBuildPhase section */
		3366E5E6234940C900F72869 /* Sources */ = {
			isa = PBXSourcesBuildPhase;
			buildActionMask = 2147483647;
			files = (
				33422C8B2350FFC6008F43A4 /* FavoriteViewController.swift in Sources */,
				33FE22A4234DA03A00B76E45 /* ListSearchViewController.swift in Sources */,
				33FE22A8234DA0AA00B76E45 /* Notification+Name.swift in Sources */,
				3390CEC423495E4500035F3E /* Movie.swift in Sources */,
				3366E5F0234940C900F72869 /* MovieViewController.swift in Sources */,
				332F3B05234EA6A6001B1366 /* People.swift in Sources */,
				332F3B01234E9F16001B1366 /* DetailPeopleViewController.swift in Sources */,
				33C7909B234DB6EA0009359B /* DetailMovieViewController.swift in Sources */,
				332F3AFB234E9EBD001B1366 /* PeopleViewController.swift in Sources */,
				332F3B07234EABFD001B1366 /* PeopleTableCell.swift in Sources */,
				33FE22AA234DA7D800B76E45 /* CacheManager.swift in Sources */,
				3366E5EE234940C900F72869 /* AppDelegate.swift in Sources */,
				33FE22A6234DA04900B76E45 /* GridSearchViewController.swift in Sources */,
				332F3AFD234E9EF3001B1366 /* ListPeopleViewController.swift in Sources */,
				33422C892350FFB9008F43A4 /* WishlistViewController.swift in Sources */,
				33422C93235108C2008F43A4 /* CoreManager.swift in Sources */,
				3390CEC22349518500035F3E /* MovieAPI.swift in Sources */,
				3366E5F6234940C900F72869 /* My_Movie.xcdatamodeld in Sources */,
				33C7909D234DB7B10009359B /* ViewController+Extension.swift in Sources */,
				3390CECA234AAA7600035F3E /* ViewModel.swift in Sources */,
				33422C8F23510143008F43A4 /* FavoriteTableCell.swift in Sources */,
				33422C7D23501E66008F43A4 /* GridMovieCollectionCell.swift in Sources */,
				3390CEC8234A72B400035F3E /* MovieService.swift in Sources */,
				33FE229F234D9D8800B76E45 /* ListMovieTableCell.swift in Sources */,
				33422C7B23500EFD008F43A4 /* DetailMoviePeopleViewController.swift in Sources */,
			);
			runOnlyForDeploymentPostprocessing = 0;
		};
		3366E5FD234940CA00F72869 /* Sources */ = {
			isa = PBXSourcesBuildPhase;
			buildActionMask = 2147483647;
			files = (
				3366E606234940CA00F72869 /* My_MovieTests.swift in Sources */,
			);
			runOnlyForDeploymentPostprocessing = 0;
		};
/* End PBXSourcesBuildPhase section */

/* Begin PBXTargetDependency section */
		3366E603234940CA00F72869 /* PBXTargetDependency */ = {
			isa = PBXTargetDependency;
			target = 3366E5E9234940C900F72869 /* My_Movie */;
			targetProxy = 3366E602234940CA00F72869 /* PBXContainerItemProxy */;
		};
/* End PBXTargetDependency section */

/* Begin PBXVariantGroup section */
		3366E5F1234940C900F72869 /* Main.storyboard */ = {
			isa = PBXVariantGroup;
			children = (
				3366E5F2234940C900F72869 /* Base */,
			);
			name = Main.storyboard;
			sourceTree = "<group>";
		};
		3366E5F9234940CA00F72869 /* LaunchScreen.storyboard */ = {
			isa = PBXVariantGroup;
			children = (
				3366E5FA234940CA00F72869 /* Base */,
			);
			name = LaunchScreen.storyboard;
			sourceTree = "<group>";
		};
/* End PBXVariantGroup section */

/* Begin XCBuildConfiguration section */
		3366E608234940CA00F72869 /* Debug */ = {
			isa = XCBuildConfiguration;
			buildSettings = {
				ALWAYS_SEARCH_USER_PATHS = NO;
				CLANG_ANALYZER_NONNULL = YES;
				CLANG_ANALYZER_NUMBER_OBJECT_CONVERSION = YES_AGGRESSIVE;
				CLANG_CXX_LANGUAGE_STANDARD = "gnu++14";
				CLANG_CXX_LIBRARY = "libc++";
				CLANG_ENABLE_MODULES = YES;
				CLANG_ENABLE_OBJC_ARC = YES;
				CLANG_ENABLE_OBJC_WEAK = YES;
				CLANG_WARN_BLOCK_CAPTURE_AUTORELEASING = YES;
				CLANG_WARN_BOOL_CONVERSION = YES;
				CLANG_WARN_COMMA = YES;
				CLANG_WARN_CONSTANT_CONVERSION = YES;
				CLANG_WARN_DEPRECATED_OBJC_IMPLEMENTATIONS = YES;
				CLANG_WARN_DIRECT_OBJC_ISA_USAGE = YES_ERROR;
				CLANG_WARN_DOCUMENTATION_COMMENTS = YES;
				CLANG_WARN_EMPTY_BODY = YES;
				CLANG_WARN_ENUM_CONVERSION = YES;
				CLANG_WARN_INFINITE_RECURSION = YES;
				CLANG_WARN_INT_CONVERSION = YES;
				CLANG_WARN_NON_LITERAL_NULL_CONVERSION = YES;
				CLANG_WARN_OBJC_IMPLICIT_RETAIN_SELF = YES;
				CLANG_WARN_OBJC_LITERAL_CONVERSION = YES;
				CLANG_WARN_OBJC_ROOT_CLASS = YES_ERROR;
				CLANG_WARN_RANGE_LOOP_ANALYSIS = YES;
				CLANG_WARN_STRICT_PROTOTYPES = YES;
				CLANG_WARN_SUSPICIOUS_MOVE = YES;
				CLANG_WARN_UNGUARDED_AVAILABILITY = YES_AGGRESSIVE;
				CLANG_WARN_UNREACHABLE_CODE = YES;
				CLANG_WARN__DUPLICATE_METHOD_MATCH = YES;
				CODE_SIGN_IDENTITY = "iPhone Developer";
				COPY_PHASE_STRIP = NO;
				DEBUG_INFORMATION_FORMAT = dwarf;
				ENABLE_STRICT_OBJC_MSGSEND = YES;
				ENABLE_TESTABILITY = YES;
				GCC_C_LANGUAGE_STANDARD = gnu11;
				GCC_DYNAMIC_NO_PIC = NO;
				GCC_NO_COMMON_BLOCKS = YES;
				GCC_OPTIMIZATION_LEVEL = 0;
				GCC_PREPROCESSOR_DEFINITIONS = (
					"DEBUG=1",
					"$(inherited)",
				);
				GCC_WARN_64_TO_32_BIT_CONVERSION = YES;
				GCC_WARN_ABOUT_RETURN_TYPE = YES_ERROR;
				GCC_WARN_UNDECLARED_SELECTOR = YES;
				GCC_WARN_UNINITIALIZED_AUTOS = YES_AGGRESSIVE;
				GCC_WARN_UNUSED_FUNCTION = YES;
				GCC_WARN_UNUSED_VARIABLE = YES;
				IPHONEOS_DEPLOYMENT_TARGET = 12.4;
				MTL_ENABLE_DEBUG_INFO = INCLUDE_SOURCE;
				MTL_FAST_MATH = YES;
				ONLY_ACTIVE_ARCH = YES;
				SDKROOT = iphoneos;
				SWIFT_ACTIVE_COMPILATION_CONDITIONS = DEBUG;
				SWIFT_OPTIMIZATION_LEVEL = "-Onone";
			};
			name = Debug;
		};
		3366E609234940CA00F72869 /* Release */ = {
			isa = XCBuildConfiguration;
			buildSettings = {
				ALWAYS_SEARCH_USER_PATHS = NO;
				CLANG_ANALYZER_NONNULL = YES;
				CLANG_ANALYZER_NUMBER_OBJECT_CONVERSION = YES_AGGRESSIVE;
				CLANG_CXX_LANGUAGE_STANDARD = "gnu++14";
				CLANG_CXX_LIBRARY = "libc++";
				CLANG_ENABLE_MODULES = YES;
				CLANG_ENABLE_OBJC_ARC = YES;
				CLANG_ENABLE_OBJC_WEAK = YES;
				CLANG_WARN_BLOCK_CAPTURE_AUTORELEASING = YES;
				CLANG_WARN_BOOL_CONVERSION = YES;
				CLANG_WARN_COMMA = YES;
				CLANG_WARN_CONSTANT_CONVERSION = YES;
				CLANG_WARN_DEPRECATED_OBJC_IMPLEMENTATIONS = YES;
				CLANG_WARN_DIRECT_OBJC_ISA_USAGE = YES_ERROR;
				CLANG_WARN_DOCUMENTATION_COMMENTS = YES;
				CLANG_WARN_EMPTY_BODY = YES;
				CLANG_WARN_ENUM_CONVERSION = YES;
				CLANG_WARN_INFINITE_RECURSION = YES;
				CLANG_WARN_INT_CONVERSION = YES;
				CLANG_WARN_NON_LITERAL_NULL_CONVERSION = YES;
				CLANG_WARN_OBJC_IMPLICIT_RETAIN_SELF = YES;
				CLANG_WARN_OBJC_LITERAL_CONVERSION = YES;
				CLANG_WARN_OBJC_ROOT_CLASS = YES_ERROR;
				CLANG_WARN_RANGE_LOOP_ANALYSIS = YES;
				CLANG_WARN_STRICT_PROTOTYPES = YES;
				CLANG_WARN_SUSPICIOUS_MOVE = YES;
				CLANG_WARN_UNGUARDED_AVAILABILITY = YES_AGGRESSIVE;
				CLANG_WARN_UNREACHABLE_CODE = YES;
				CLANG_WARN__DUPLICATE_METHOD_MATCH = YES;
				CODE_SIGN_IDENTITY = "iPhone Developer";
				COPY_PHASE_STRIP = NO;
				DEBUG_INFORMATION_FORMAT = "dwarf-with-dsym";
				ENABLE_NS_ASSERTIONS = NO;
				ENABLE_STRICT_OBJC_MSGSEND = YES;
				GCC_C_LANGUAGE_STANDARD = gnu11;
				GCC_NO_COMMON_BLOCKS = YES;
				GCC_WARN_64_TO_32_BIT_CONVERSION = YES;
				GCC_WARN_ABOUT_RETURN_TYPE = YES_ERROR;
				GCC_WARN_UNDECLARED_SELECTOR = YES;
				GCC_WARN_UNINITIALIZED_AUTOS = YES_AGGRESSIVE;
				GCC_WARN_UNUSED_FUNCTION = YES;
				GCC_WARN_UNUSED_VARIABLE = YES;
				IPHONEOS_DEPLOYMENT_TARGET = 12.4;
				MTL_ENABLE_DEBUG_INFO = NO;
				MTL_FAST_MATH = YES;
				SDKROOT = iphoneos;
				SWIFT_COMPILATION_MODE = wholemodule;
				SWIFT_OPTIMIZATION_LEVEL = "-O";
				VALIDATE_PRODUCT = YES;
			};
			name = Release;
		};
		3366E60B234940CA00F72869 /* Debug */ = {
			isa = XCBuildConfiguration;
			buildSettings = {
				ASSETCATALOG_COMPILER_APPICON_NAME = AppIcon;
				CODE_SIGN_STYLE = Automatic;
				DEVELOPMENT_TEAM = ML5C6ZYMKV;
				INFOPLIST_FILE = My_Movie/Info.plist;
				LD_RUNPATH_SEARCH_PATHS = (
					"$(inherited)",
					"@executable_path/Frameworks",
				);
				PRODUCT_BUNDLE_IDENTIFIER = "com.andy.My-Movie";
				PRODUCT_NAME = "$(TARGET_NAME)";
				SWIFT_VERSION = 5.0;
				TARGETED_DEVICE_FAMILY = "1,2";
			};
			name = Debug;
		};
		3366E60C234940CA00F72869 /* Release */ = {
			isa = XCBuildConfiguration;
			buildSettings = {
				ASSETCATALOG_COMPILER_APPICON_NAME = AppIcon;
				CODE_SIGN_STYLE = Automatic;
				DEVELOPMENT_TEAM = ML5C6ZYMKV;
				INFOPLIST_FILE = My_Movie/Info.plist;
				LD_RUNPATH_SEARCH_PATHS = (
					"$(inherited)",
					"@executable_path/Frameworks",
				);
				PRODUCT_BUNDLE_IDENTIFIER = "com.andy.My-Movie";
				PRODUCT_NAME = "$(TARGET_NAME)";
				SWIFT_VERSION = 5.0;
				TARGETED_DEVICE_FAMILY = "1,2";
			};
			name = Release;
		};
		3366E60E234940CA00F72869 /* Debug */ = {
			isa = XCBuildConfiguration;
			buildSettings = {
				ALWAYS_EMBED_SWIFT_STANDARD_LIBRARIES = YES;
				BUNDLE_LOADER = "$(TEST_HOST)";
				CODE_SIGN_STYLE = Automatic;
				DEVELOPMENT_TEAM = ML5C6ZYMKV;
				INFOPLIST_FILE = My_MovieTests/Info.plist;
				LD_RUNPATH_SEARCH_PATHS = (
					"$(inherited)",
					"@executable_path/Frameworks",
					"@loader_path/Frameworks",
				);
				PRODUCT_BUNDLE_IDENTIFIER = "com.andy.My-MovieTests";
				PRODUCT_NAME = "$(TARGET_NAME)";
				SWIFT_VERSION = 5.0;
				TARGETED_DEVICE_FAMILY = "1,2";
				TEST_HOST = "$(BUILT_PRODUCTS_DIR)/My_Movie.app/My_Movie";
			};
			name = Debug;
		};
		3366E60F234940CA00F72869 /* Release */ = {
			isa = XCBuildConfiguration;
			buildSettings = {
				ALWAYS_EMBED_SWIFT_STANDARD_LIBRARIES = YES;
				BUNDLE_LOADER = "$(TEST_HOST)";
				CODE_SIGN_STYLE = Automatic;
				DEVELOPMENT_TEAM = ML5C6ZYMKV;
				INFOPLIST_FILE = My_MovieTests/Info.plist;
				LD_RUNPATH_SEARCH_PATHS = (
					"$(inherited)",
					"@executable_path/Frameworks",
					"@loader_path/Frameworks",
				);
				PRODUCT_BUNDLE_IDENTIFIER = "com.andy.My-MovieTests";
				PRODUCT_NAME = "$(TARGET_NAME)";
				SWIFT_VERSION = 5.0;
				TARGETED_DEVICE_FAMILY = "1,2";
				TEST_HOST = "$(BUILT_PRODUCTS_DIR)/My_Movie.app/My_Movie";
			};
			name = Release;
		};
/* End XCBuildConfiguration section */

/* Begin XCConfigurationList section */
		3366E5E5234940C900F72869 /* Build configuration list for PBXProject "My_Movie" */ = {
			isa = XCConfigurationList;
			buildConfigurations = (
				3366E608234940CA00F72869 /* Debug */,
				3366E609234940CA00F72869 /* Release */,
			);
			defaultConfigurationIsVisible = 0;
			defaultConfigurationName = Release;
		};
		3366E60A234940CA00F72869 /* Build configuration list for PBXNativeTarget "My_Movie" */ = {
			isa = XCConfigurationList;
			buildConfigurations = (
				3366E60B234940CA00F72869 /* Debug */,
				3366E60C234940CA00F72869 /* Release */,
			);
			defaultConfigurationIsVisible = 0;
			defaultConfigurationName = Release;
		};
		3366E60D234940CA00F72869 /* Build configuration list for PBXNativeTarget "My_MovieTests" */ = {
			isa = XCConfigurationList;
			buildConfigurations = (
				3366E60E234940CA00F72869 /* Debug */,
				3366E60F234940CA00F72869 /* Release */,
			);
			defaultConfigurationIsVisible = 0;
			defaultConfigurationName = Release;
		};
/* End XCConfigurationList section */

/* Begin XCVersionGroup section */
		3366E5F4234940C900F72869 /* My_Movie.xcdatamodeld */ = {
			isa = XCVersionGroup;
			children = (
				3366E5F5234940C900F72869 /* My_Movie.xcdatamodel */,
			);
			currentVersion = 3366E5F5234940C900F72869 /* My_Movie.xcdatamodel */;
			path = My_Movie.xcdatamodeld;
			sourceTree = "<group>";
			versionGroupType = wrapper.xcdatamodel;
		};
/* End XCVersionGroup section */
	};
	rootObject = 3366E5E2234940C900F72869 /* Project object */;
}
